// !$*UTF8*$!
{
	archiveVersion = 1;
	classes = {
	};
	objectVersion = 50;
	objects = {

/* Begin PBXBuildFile section */
		EE5995D02504D4790047CC16 /* AppDelegate.m in Sources */ = {isa = PBXBuildFile; fileRef = EE5995CF2504D4790047CC16 /* AppDelegate.m */; };
		EE5995D32504D4790047CC16 /* SceneDelegate.m in Sources */ = {isa = PBXBuildFile; fileRef = EE5995D22504D4790047CC16 /* SceneDelegate.m */; };
		EE5995D62504D4790047CC16 /* ViewController.m in Sources */ = {isa = PBXBuildFile; fileRef = EE5995D52504D4790047CC16 /* ViewController.m */; };
		EE5995D92504D4790047CC16 /* Main.storyboard in Resources */ = {isa = PBXBuildFile; fileRef = EE5995D72504D4790047CC16 /* Main.storyboard */; };
		EE5995DB2504D47B0047CC16 /* Assets.xcassets in Resources */ = {isa = PBXBuildFile; fileRef = EE5995DA2504D47B0047CC16 /* Assets.xcassets */; };
		EE5995DE2504D47B0047CC16 /* LaunchScreen.storyboard in Resources */ = {isa = PBXBuildFile; fileRef = EE5995DC2504D47B0047CC16 /* LaunchScreen.storyboard */; };
		EE5995E12504D47B0047CC16 /* main.m in Sources */ = {isa = PBXBuildFile; fileRef = EE5995E02504D47B0047CC16 /* main.m */; };
/* End PBXBuildFile section */

/* Begin PBXFileReference section */
		EE5995CB2504D4790047CC16 /* MYImageDiffDemo.app */ = {isa = PBXFileReference; explicitFileType = wrapper.application; includeInIndex = 0; path = MYImageDiffDemo.app; sourceTree = BUILT_PRODUCTS_DIR; };
		EE5995CE2504D4790047CC16 /* AppDelegate.h */ = {isa = PBXFileReference; lastKnownFileType = sourcecode.c.h; path = AppDelegate.h; sourceTree = "<group>"; };
		EE5995CF2504D4790047CC16 /* AppDelegate.m */ = {isa = PBXFileReference; lastKnownFileType = sourcecode.c.objc; path = AppDelegate.m; sourceTree = "<group>"; };
		EE5995D12504D4790047CC16 /* SceneDelegate.h */ = {isa = PBXFileReference; lastKnownFileType = sourcecode.c.h; path = SceneDelegate.h; sourceTree = "<group>"; };
		EE5995D22504D4790047CC16 /* SceneDelegate.m */ = {isa = PBXFileReference; lastKnownFileType = sourcecode.c.objc; path = SceneDelegate.m; sourceTree = "<group>"; };
		EE5995D42504D4790047CC16 /* ViewController.h */ = {isa = PBXFileReference; lastKnownFileType = sourcecode.c.h; path = ViewController.h; sourceTree = "<group>"; };
		EE5995D52504D4790047CC16 /* ViewController.m */ = {isa = PBXFileReference; lastKnownFileType = sourcecode.c.objc; path = ViewController.m; sourceTree = "<group>"; };
		EE5995D82504D4790047CC16 /* Base */ = {isa = PBXFileReference; lastKnownFileType = file.storyboard; name = Base; path = Base.lproj/Main.storyboard; sourceTree = "<group>"; };
		EE5995DA2504D47B0047CC16 /* Assets.xcassets */ = {isa = PBXFileReference; lastKnownFileType = folder.assetcatalog; path = Assets.xcassets; sourceTree = "<group>"; };
		EE5995DD2504D47B0047CC16 /* Base */ = {isa = PBXFileReference; lastKnownFileType = file.storyboard; name = Base; path = Base.lproj/LaunchScreen.storyboard; sourceTree = "<group>"; };
		EE5995DF2504D47B0047CC16 /* Info.plist */ = {isa = PBXFileReference; lastKnownFileType = text.plist.xml; path = Info.plist; sourceTree = "<group>"; };
		EE5995E02504D47B0047CC16 /* main.m */ = {isa = PBXFileReference; lastKnownFileType = sourcecode.c.objc; path = main.m; sourceTree = "<group>"; };
/* End PBXFileReference section */

/* Begin PBXFrameworksBuildPhase section */
		EE5995C82504D4790047CC16 /* Frameworks */ = {
			isa = PBXFrameworksBuildPhase;
			buildActionMask = 2147483647;
			files = (
			);
			runOnlyForDeploymentPostprocessing = 0;
		};
/* End PBXFrameworksBuildPhase section */

/* Begin PBXGroup section */
		EE5995C22504D4790047CC16 = {
			isa = PBXGroup;
			children = (
				EE5995CD2504D4790047CC16 /* MYImageDiffDemo */,
				EE5995CC2504D4790047CC16 /* Products */,
			);
			sourceTree = "<group>";
		};
		EE5995CC2504D4790047CC16 /* Products */ = {
			isa = PBXGroup;
			children = (
				EE5995CB2504D4790047CC16 /* MYImageDiffDemo.app */,
			);
			name = Products;
			sourceTree = "<group>";
		};
		EE5995CD2504D4790047CC16 /* MYImageDiffDemo */ = {
			isa = PBXGroup;
			children = (
				EE5995CE2504D4790047CC16 /* AppDelegate.h */,
				EE5995CF2504D4790047CC16 /* AppDelegate.m */,
				EE5995D12504D4790047CC16 /* SceneDelegate.h */,
				EE5995D22504D4790047CC16 /* SceneDelegate.m */,
				EE5995D42504D4790047CC16 /* ViewController.h */,
				EE5995D52504D4790047CC16 /* ViewController.m */,
				EE5995D72504D4790047CC16 /* Main.storyboard */,
				EE5995DA2504D47B0047CC16 /* Assets.xcassets */,
				EE5995DC2504D47B0047CC16 /* LaunchScreen.storyboard */,
				EE5995DF2504D47B0047CC16 /* Info.plist */,
				EE5995E02504D47B0047CC16 /* main.m */,
			);
			path = MYImageDiffDemo;
			sourceTree = "<group>";
		};
/* End PBXGroup section */

/* Begin PBXNativeTarget section */
		EE5995CA2504D4790047CC16 /* MYImageDiffDemo */ = {
			isa = PBXNativeTarget;
			buildConfigurationList = EE5995E42504D47B0047CC16 /* Build configuration list for PBXNativeTarget "MYImageDiffDemo" */;
			buildPhases = (
				EE5995C72504D4790047CC16 /* Sources */,
				EE5995C82504D4790047CC16 /* Frameworks */,
				EE5995C92504D4790047CC16 /* Resources */,
			);
			buildRules = (
			);
			dependencies = (
			);
			name = MYImageDiffDemo;
			productName = MYImageDiffDemo;
			productReference = EE5995CB2504D4790047CC16 /* MYImageDiffDemo.app */;
			productType = "com.apple.product-type.application";
		};
/* End PBXNativeTarget section */

/* Begin PBXProject section */
		EE5995C32504D4790047CC16 /* Project object */ = {
			isa = PBXProject;
			attributes = {
				LastUpgradeCheck = 1150;
				ORGANIZATIONNAME = Punmy;
				TargetAttributes = {
					EE5995CA2504D4790047CC16 = {
						CreatedOnToolsVersion = 11.5;
					};
				};
			};
			buildConfigurationList = EE5995C62504D4790047CC16 /* Build configuration list for PBXProject "MYImageDiffDemo" */;
			compatibilityVersion = "Xcode 9.3";
			developmentRegion = en;
			hasScannedForEncodings = 0;
			knownRegions = (
				en,
				Base,
			);
			mainGroup = EE5995C22504D4790047CC16;
			productRefGroup = EE5995CC2504D4790047CC16 /* Products */;
			projectDirPath = "";
			projectRoot = "";
			targets = (
				EE5995CA2504D4790047CC16 /* MYImageDiffDemo */,
			);
		};
/* End PBXProject section */

/* Begin PBXResourcesBuildPhase section */
		EE5995C92504D4790047CC16 /* Resources */ = {
			isa = PBXResourcesBuildPhase;
			buildActionMask = 2147483647;
			files = (
				EE5995DE2504D47B0047CC16 /* LaunchScreen.storyboard in Resources */,
				EE5995DB2504D47B0047CC16 /* Assets.xcassets in Resources */,
				EE5995D92504D4790047CC16 /* Main.storyboard in Resources */,
			);
			runOnlyForDeploymentPostprocessing = 0;
		};
/* End PBXResourcesBuildPhase section */

/* Begin PBXSourcesBuildPhase section */
		EE5995C72504D4790047CC16 /* Sources */ = {
			isa = PBXSourcesBuildPhase;
			buildActionMask = 2147483647;
			files = (
				EE5995D62504D4790047CC16 /* ViewController.m in Sources */,
				EE5995D02504D4790047CC16 /* AppDelegate.m in Sources */,
				EE5995E12504D47B0047CC16 /* main.m in Sources */,
				EE5995D32504D4790047CC16 /* SceneDelegate.m in Sources */,
			);
			runOnlyForDeploymentPostprocessing = 0;
		};
/* End PBXSourcesBuildPhase section */

/* Begin PBXVariantGroup section */
		EE5995D72504D4790047CC16 /* Main.storyboard */ = {
			isa = PBXVariantGroup;
			children = (
				EE5995D82504D4790047CC16 /* Base */,
			);
			name = Main.storyboard;
			sourceTree = "<group>";
		};
		EE5995DC2504D47B0047CC16 /* LaunchScreen.storyboard */ = {
			isa = PBXVariantGroup;
			children = (
				EE5995DD2504D47B0047CC16 /* Base */,
			);
			name = LaunchScreen.storyboard;
			sourceTree = "<group>";
		};
/* End PBXVariantGroup section */

/* Begin XCBuildConfiguration section */
		EE5995E22504D47B0047CC16 /* Debug */ = {
			isa = XCBuildConfiguration;
			buildSettings = {
				ALWAYS_SEARCH_USER_PATHS = NO;
				CLANG_ANALYZER_NONNULL = YES;
				CLANG_ANALYZER_NUMBER_OBJECT_CONVERSION = YES_AGGRESSIVE;
				CLANG_CXX_LANGUAGE_STANDARD = "gnu++14";
				CLANG_CXX_LIBRARY = "libc++";
				CLANG_ENABLE_MODULES = YES;
				CLANG_ENABLE_OBJC_ARC = YES;
				CLANG_ENABLE_OBJC_WEAK = YES;
				CLANG_WARN_BLOCK_CAPTURE_AUTORELEASING = YES;
				CLANG_WARN_BOOL_CONVERSION = YES;
				CLANG_WARN_COMMA = YES;
				CLANG_WARN_CONSTANT_CONVERSION = YES;
				CLANG_WARN_DEPRECATED_OBJC_IMPLEMENTATIONS = YES;
				CLANG_WARN_DIRECT_OBJC_ISA_USAGE = YES_ERROR;
				CLANG_WARN_DOCUMENTATION_COMMENTS = YES;
				CLANG_WARN_EMPTY_BODY = YES;
				CLANG_WARN_ENUM_CONVERSION = YES;
				CLANG_WARN_INFINITE_RECURSION = YES;
				CLANG_WARN_INT_CONVERSION = YES;
				CLANG_WARN_NON_LITERAL_NULL_CONVERSION = YES;
				CLANG_WARN_OBJC_IMPLICIT_RETAIN_SELF = YES;
				CLANG_WARN_OBJC_LITERAL_CONVERSION = YES;
				CLANG_WARN_OBJC_ROOT_CLASS = YES_ERROR;
				CLANG_WARN_RANGE_LOOP_ANALYSIS = YES;
				CLANG_WARN_STRICT_PROTOTYPES = YES;
				CLANG_WARN_SUSPICIOUS_MOVE = YES;
				CLANG_WARN_UNGUARDED_AVAILABILITY = YES_AGGRESSIVE;
				CLANG_WARN_UNREACHABLE_CODE = YES;
				CLANG_WARN__DUPLICATE_METHOD_MATCH = YES;
				COPY_PHASE_STRIP = NO;
				DEBUG_INFORMATION_FORMAT = dwarf;
				ENABLE_STRICT_OBJC_MSGSEND = YES;
				ENABLE_TESTABILITY = YES;
				GCC_C_LANGUAGE_STANDARD = gnu11;
				GCC_DYNAMIC_NO_PIC = NO;
				GCC_NO_COMMON_BLOCKS = YES;
				GCC_OPTIMIZATION_LEVEL = 0;
				GCC_PREPROCESSOR_DEFINITIONS = (
					"DEBUG=1",
					"$(inherited)",
				);
				GCC_WARN_64_TO_32_BIT_CONVERSION = YES;
				GCC_WARN_ABOUT_RETURN_TYPE = YES_ERROR;
				GCC_WARN_UNDECLARED_SELECTOR = YES;
				GCC_WARN_UNINITIALIZED_AUTOS = YES_AGGRESSIVE;
				GCC_WARN_UNUSED_FUNCTION = YES;
				GCC_WARN_UNUSED_VARIABLE = YES;
				IPHONEOS_DEPLOYMENT_TARGET = 13.5;
				MTL_ENABLE_DEBUG_INFO = INCLUDE_SOURCE;
				MTL_FAST_MATH = YES;
				ONLY_ACTIVE_ARCH = YES;
				SDKROOT = iphoneos;
			};
			name = Debug;
		};
		EE5995E32504D47B0047CC16 /* Release */ = {
			isa = XCBuildConfiguration;
			buildSettings = {
				ALWAYS_SEARCH_USER_PATHS = NO;
				CLANG_ANALYZER_NONNULL = YES;
				CLANG_ANALYZER_NUMBER_OBJECT_CONVERSION = YES_AGGRESSIVE;
				CLANG_CXX_LANGUAGE_STANDARD = "gnu++14";
				CLANG_CXX_LIBRARY = "libc++";
				CLANG_ENABLE_MODULES = YES;
				CLANG_ENABLE_OBJC_ARC = YES;
				CLANG_ENABLE_OBJC_WEAK = YES;
				CLANG_WARN_BLOCK_CAPTURE_AUTORELEASING = YES;
				CLANG_WARN_BOOL_CONVERSION = YES;
				CLANG_WARN_COMMA = YES;
				CLANG_WARN_CONSTANT_CONVERSION = YES;
				CLANG_WARN_DEPRECATED_OBJC_IMPLEMENTATIONS = YES;
				CLANG_WARN_DIRECT_OBJC_ISA_USAGE = YES_ERROR;
				CLANG_WARN_DOCUMENTATION_COMMENTS = YES;
				CLANG_WARN_EMPTY_BODY = YES;
				CLANG_WARN_ENUM_CONVERSION = YES;
				CLANG_WARN_INFINITE_RECURSION = YES;
				CLANG_WARN_INT_CONVERSION = YES;
				CLANG_WARN_NON_LITERAL_NULL_CONVERSION = YES;
				CLANG_WARN_OBJC_IMPLICIT_RETAIN_SELF = YES;
				CLANG_WARN_OBJC_LITERAL_CONVERSION = YES;
				CLANG_WARN_OBJC_ROOT_CLASS = YES_ERROR;
				CLANG_WARN_RANGE_LOOP_ANALYSIS = YES;
				CLANG_WARN_STRICT_PROTOTYPES = YES;
				CLANG_WARN_SUSPICIOUS_MOVE = YES;
				CLANG_WARN_UNGUARDED_AVAILABILITY = YES_AGGRESSIVE;
				CLANG_WARN_UNREACHABLE_CODE = YES;
				CLANG_WARN__DUPLICATE_METHOD_MATCH = YES;
				COPY_PHASE_STRIP = NO;
				DEBUG_INFORMATION_FORMAT = "dwarf-with-dsym";
				ENABLE_NS_ASSERTIONS = NO;
				ENABLE_STRICT_OBJC_MSGSEND = YES;
				GCC_C_LANGUAGE_STANDARD = gnu11;
				GCC_NO_COMMON_BLOCKS = YES;
				GCC_WARN_64_TO_32_BIT_CONVERSION = YES;
				GCC_WARN_ABOUT_RETURN_TYPE = YES_ERROR;
				GCC_WARN_UNDECLARED_SELECTOR = YES;
				GCC_WARN_UNINITIALIZED_AUTOS = YES_AGGRESSIVE;
				GCC_WARN_UNUSED_FUNCTION = YES;
				GCC_WARN_UNUSED_VARIABLE = YES;
				IPHONEOS_DEPLOYMENT_TARGET = 13.5;
				MTL_ENABLE_DEBUG_INFO = NO;
				MTL_FAST_MATH = YES;
				SDKROOT = iphoneos;
				VALIDATE_PRODUCT = YES;
			};
			name = Release;
		};
		EE5995E52504D47B0047CC16 /* Debug */ = {
			isa = XCBuildConfiguration;
			buildSettings = {
				ASSETCATALOG_COMPILER_APPICON_NAME = AppIcon;
				CODE_SIGN_STYLE = Automatic;
				DEVELOPMENT_TEAM = T6Z74EV946;
				INFOPLIST_FILE = MYImageDiffDemo/Info.plist;
				LD_RUNPATH_SEARCH_PATHS = (
					"$(inherited)",
					"@executable_path/Frameworks",
				);
				PRODUCT_BUNDLE_IDENTIFIER = "cn.punmy.image-diff.MYImageDiffDemo";
				PRODUCT_NAME = "$(TARGET_NAME)";
				TARGETED_DEVICE_FAMILY = "1,2";
			};
			name = Debug;
		};
		EE5995E62504D47B0047CC16 /* Release */ = {
			isa = XCBuildConfiguration;
			buildSettings = {
				ASSETCATALOG_COMPILER_APPICON_NAME = AppIcon;
				CODE_SIGN_STYLE = Automatic;
				DEVELOPMENT_TEAM = T6Z74EV946;
				INFOPLIST_FILE = MYImageDiffDemo/Info.plist;
				LD_RUNPATH_SEARCH_PATHS = (
					"$(inherited)",
					"@executable_path/Frameworks",
				);
				PRODUCT_BUNDLE_IDENTIFIER = "cn.punmy.image-diff.MYImageDiffDemo";
				PRODUCT_NAME = "$(TARGET_NAME)";
				TARGETED_DEVICE_FAMILY = "1,2";
			};
			name = Release;
		};
/* End XCBuildConfiguration section */

/* Begin XCConfigurationList section */
		EE5995C62504D4790047CC16 /* Build configuration list for PBXProject "MYImageDiffDemo" */ = {
			isa = XCConfigurationList;
			buildConfigurations = (
				EE5995E22504D47B0047CC16 /* Debug */,
				EE5995E32504D47B0047CC16 /* Release */,
			);
			defaultConfigurationIsVisible = 0;
			defaultConfigurationName = Release;
		};
		EE5995E42504D47B0047CC16 /* Build configuration list for PBXNativeTarget "MYImageDiffDemo" */ = {
			isa = XCConfigurationList;
			buildConfigurations = (
				EE5995E52504D47B0047CC16 /* Debug */,
				EE5995E62504D47B0047CC16 /* Release */,
			);
			defaultConfigurationIsVisible = 0;
			defaultConfigurationName = Release;
		};
/* End XCConfigurationList section */
	};
	rootObject = EE5995C32504D4790047CC16 /* Project object */;
}
