// !$*UTF8*$!
{
	archiveVersion = 1;
	classes = {
	};
	objectVersion = 51;
	objects = {

/* Begin PBXBuildFile section */
		26AD1AA5B62463603C3FB95E /* Pods_MYImageDiffDemo.framework in Frameworks */ = {isa = PBXBuildFile; fileRef = 2C4B484C92235182AB48D2AB /* Pods_MYImageDiffDemo.framework */; };
		EE5995D02504D4790047CC16 /* AppDelegate.m in Sources */ = {isa = PBXBuildFile; fileRef = EE5995CF2504D4790047CC16 /* AppDelegate.m */; };
		EE5995D62504D4790047CC16 /* ViewController.m in Sources */ = {isa = PBXBuildFile; fileRef = EE5995D52504D4790047CC16 /* ViewController.m */; };
		EE5995D92504D4790047CC16 /* Main.storyboard in Resources */ = {isa = PBXBuildFile; fileRef = EE5995D72504D4790047CC16 /* Main.storyboard */; };
		EE5995DB2504D47B0047CC16 /* Assets.xcassets in Resources */ = {isa = PBXBuildFile; fileRef = EE5995DA2504D47B0047CC16 /* Assets.xcassets */; };
		EE5995DE2504D47B0047CC16 /* LaunchScreen.storyboard in Resources */ = {isa = PBXBuildFile; fileRef = EE5995DC2504D47B0047CC16 /* LaunchScreen.storyboard */; };
		EE5995E12504D47B0047CC16 /* main.m in Sources */ = {isa = PBXBuildFile; fileRef = EE5995E02504D47B0047CC16 /* main.m */; };
		EE5995EB2504DCDD0047CC16 /* MYImageCompareViewController.m in Sources */ = {isa = PBXBuildFile; fileRef = EE5995EA2504DCDD0047CC16 /* MYImageCompareViewController.m */; };
		EE5995EF2504EA040047CC16 /* github-octocat.png in Resources */ = {isa = PBXBuildFile; fileRef = EE5995ED2504EA040047CC16 /* github-octocat.png */; };
		EE5995F02504EA040047CC16 /* github-octocat-edit.png in Resources */ = {isa = PBXBuildFile; fileRef = EE5995EE2504EA040047CC16 /* github-octocat-edit.png */; };
		EE5995F82504F5150047CC16 /* MYImageComparator.m in Sources */ = {isa = PBXBuildFile; fileRef = EE5995F72504F5150047CC16 /* MYImageComparator.m */; };
		EEBC23AA25862D740031B78A /* MYImageQuantitativeComparator.m in Sources */ = {isa = PBXBuildFile; fileRef = EEBC23A925862D740031B78A /* MYImageQuantitativeComparator.m */; };
		EEBC23AD258630730031B78A /* MYImageBitmapComparator.m in Sources */ = {isa = PBXBuildFile; fileRef = EEBC23AC258630730031B78A /* MYImageBitmapComparator.m */; };
		EEBC23B3258F2E930031B78A /* MYImageTool.m in Sources */ = {isa = PBXBuildFile; fileRef = EEBC23B2258F2E930031B78A /* MYImageTool.m */; };
		EEBC23B6258F38750031B78A /* MYPixelBinarizationFilter.m in Sources */ = {isa = PBXBuildFile; fileRef = EEBC23B5258F38750031B78A /* MYPixelBinarizationFilter.m */; };
		EEBC23B8258F38890031B78A /* MYPixelBinarization.cikernel in Resources */ = {isa = PBXBuildFile; fileRef = EEBC23B7258F38890031B78A /* MYPixelBinarization.cikernel */; };
		EEBC23BA258F51980031B78A /* github-octocat-edit-half.png in Resources */ = {isa = PBXBuildFile; fileRef = EEBC23B9258F51980031B78A /* github-octocat-edit-half.png */; };
		EEBC23C0258F62CE0031B78A /* UIImage+MYImage.m in Sources */ = {isa = PBXBuildFile; fileRef = EEBC23BF258F62CE0031B78A /* UIImage+MYImage.m */; };
/* End PBXBuildFile section */

/* Begin PBXFileReference section */
		2C4B484C92235182AB48D2AB /* Pods_MYImageDiffDemo.framework */ = {isa = PBXFileReference; explicitFileType = wrapper.framework; includeInIndex = 0; path = Pods_MYImageDiffDemo.framework; sourceTree = BUILT_PRODUCTS_DIR; };
		D6142F642C3B7AA7C9A767AE /* Pods-MYImageDiffDemo.release.xcconfig */ = {isa = PBXFileReference; includeInIndex = 1; lastKnownFileType = text.xcconfig; name = "Pods-MYImageDiffDemo.release.xcconfig"; path = "Target Support Files/Pods-MYImageDiffDemo/Pods-MYImageDiffDemo.release.xcconfig"; sourceTree = "<group>"; };
		DAA916C40F3AF66970078FBF /* Pods-MYImageDiffDemo.debug.xcconfig */ = {isa = PBXFileReference; includeInIndex = 1; lastKnownFileType = text.xcconfig; name = "Pods-MYImageDiffDemo.debug.xcconfig"; path = "Target Support Files/Pods-MYImageDiffDemo/Pods-MYImageDiffDemo.debug.xcconfig"; sourceTree = "<group>"; };
		EE5995CB2504D4790047CC16 /* MYImageDiffDemo.app */ = {isa = PBXFileReference; explicitFileType = wrapper.application; includeInIndex = 0; path = MYImageDiffDemo.app; sourceTree = BUILT_PRODUCTS_DIR; };
		EE5995CE2504D4790047CC16 /* AppDelegate.h */ = {isa = PBXFileReference; lastKnownFileType = sourcecode.c.h; path = AppDelegate.h; sourceTree = "<group>"; };
		EE5995CF2504D4790047CC16 /* AppDelegate.m */ = {isa = PBXFileReference; lastKnownFileType = sourcecode.c.objc; path = AppDelegate.m; sourceTree = "<group>"; };
		EE5995D42504D4790047CC16 /* ViewController.h */ = {isa = PBXFileReference; lastKnownFileType = sourcecode.c.h; path = ViewController.h; sourceTree = "<group>"; };
		EE5995D52504D4790047CC16 /* ViewController.m */ = {isa = PBXFileReference; lastKnownFileType = sourcecode.c.objc; path = ViewController.m; sourceTree = "<group>"; };
		EE5995D82504D4790047CC16 /* Base */ = {isa = PBXFileReference; lastKnownFileType = file.storyboard; name = Base; path = Base.lproj/Main.storyboard; sourceTree = "<group>"; };
		EE5995DA2504D47B0047CC16 /* Assets.xcassets */ = {isa = PBXFileReference; lastKnownFileType = folder.assetcatalog; path = Assets.xcassets; sourceTree = "<group>"; };
		EE5995DD2504D47B0047CC16 /* Base */ = {isa = PBXFileReference; lastKnownFileType = file.storyboard; name = Base; path = Base.lproj/LaunchScreen.storyboard; sourceTree = "<group>"; };
		EE5995DF2504D47B0047CC16 /* Info.plist */ = {isa = PBXFileReference; lastKnownFileType = text.plist.xml; path = Info.plist; sourceTree = "<group>"; };
		EE5995E02504D47B0047CC16 /* main.m */ = {isa = PBXFileReference; lastKnownFileType = sourcecode.c.objc; path = main.m; sourceTree = "<group>"; };
		EE5995E92504DCDD0047CC16 /* MYImageCompareViewController.h */ = {isa = PBXFileReference; lastKnownFileType = sourcecode.c.h; path = MYImageCompareViewController.h; sourceTree = "<group>"; };
		EE5995EA2504DCDD0047CC16 /* MYImageCompareViewController.m */ = {isa = PBXFileReference; lastKnownFileType = sourcecode.c.objc; path = MYImageCompareViewController.m; sourceTree = "<group>"; };
		EE5995ED2504EA040047CC16 /* github-octocat.png */ = {isa = PBXFileReference; lastKnownFileType = image.png; path = "github-octocat.png"; sourceTree = "<group>"; };
		EE5995EE2504EA040047CC16 /* github-octocat-edit.png */ = {isa = PBXFileReference; lastKnownFileType = image.png; path = "github-octocat-edit.png"; sourceTree = "<group>"; };
		EE5995F62504F5150047CC16 /* MYImageComparator.h */ = {isa = PBXFileReference; lastKnownFileType = sourcecode.c.h; path = MYImageComparator.h; sourceTree = "<group>"; };
		EE5995F72504F5150047CC16 /* MYImageComparator.m */ = {isa = PBXFileReference; lastKnownFileType = sourcecode.c.objc; path = MYImageComparator.m; sourceTree = "<group>"; };
		EEBC23A825862D740031B78A /* MYImageQuantitativeComparator.h */ = {isa = PBXFileReference; lastKnownFileType = sourcecode.c.h; path = MYImageQuantitativeComparator.h; sourceTree = "<group>"; };
		EEBC23A925862D740031B78A /* MYImageQuantitativeComparator.m */ = {isa = PBXFileReference; lastKnownFileType = sourcecode.c.objc; path = MYImageQuantitativeComparator.m; sourceTree = "<group>"; };
		EEBC23AB258630730031B78A /* MYImageBitmapComparator.h */ = {isa = PBXFileReference; lastKnownFileType = sourcecode.c.h; path = MYImageBitmapComparator.h; sourceTree = "<group>"; };
		EEBC23AC258630730031B78A /* MYImageBitmapComparator.m */ = {isa = PBXFileReference; lastKnownFileType = sourcecode.c.objc; path = MYImageBitmapComparator.m; sourceTree = "<group>"; };
		EEBC23B1258F2E930031B78A /* MYImageTool.h */ = {isa = PBXFileReference; lastKnownFileType = sourcecode.c.h; path = MYImageTool.h; sourceTree = "<group>"; };
		EEBC23B2258F2E930031B78A /* MYImageTool.m */ = {isa = PBXFileReference; lastKnownFileType = sourcecode.c.objc; path = MYImageTool.m; sourceTree = "<group>"; };
		EEBC23B4258F38750031B78A /* MYPixelBinarizationFilter.h */ = {isa = PBXFileReference; fileEncoding = 4; lastKnownFileType = sourcecode.c.h; path = MYPixelBinarizationFilter.h; sourceTree = "<group>"; };
		EEBC23B5258F38750031B78A /* MYPixelBinarizationFilter.m */ = {isa = PBXFileReference; fileEncoding = 4; lastKnownFileType = sourcecode.c.objc; path = MYPixelBinarizationFilter.m; sourceTree = "<group>"; };
		EEBC23B7258F38890031B78A /* MYPixelBinarization.cikernel */ = {isa = PBXFileReference; fileEncoding = 4; lastKnownFileType = text; path = MYPixelBinarization.cikernel; sourceTree = "<group>"; };
		EEBC23B9258F51980031B78A /* github-octocat-edit-half.png */ = {isa = PBXFileReference; lastKnownFileType = image.png; path = "github-octocat-edit-half.png"; sourceTree = "<group>"; };
		EEBC23BE258F62CE0031B78A /* UIImage+MYImage.h */ = {isa = PBXFileReference; lastKnownFileType = sourcecode.c.h; path = "UIImage+MYImage.h"; sourceTree = "<group>"; };
		EEBC23BF258F62CE0031B78A /* UIImage+MYImage.m */ = {isa = PBXFileReference; lastKnownFileType = sourcecode.c.objc; path = "UIImage+MYImage.m"; sourceTree = "<group>"; };
/* End PBXFileReference section */

/* Begin PBXFrameworksBuildPhase section */
		EE5995C82504D4790047CC16 /* Frameworks */ = {
			isa = PBXFrameworksBuildPhase;
			buildActionMask = 2147483647;
			files = (
				26AD1AA5B62463603C3FB95E /* Pods_MYImageDiffDemo.framework in Frameworks */,
			);
			runOnlyForDeploymentPostprocessing = 0;
		};
/* End PBXFrameworksBuildPhase section */

/* Begin PBXGroup section */
		3CD01339ED3888CBF633A1B3 /* Frameworks */ = {
			isa = PBXGroup;
			children = (
				2C4B484C92235182AB48D2AB /* Pods_MYImageDiffDemo.framework */,
			);
			name = Frameworks;
			sourceTree = "<group>";
		};
		EE5995C22504D4790047CC16 = {
			isa = PBXGroup;
			children = (
				EE5995CD2504D4790047CC16 /* MYImageDiffDemo */,
				EE5995CC2504D4790047CC16 /* Products */,
				F01841AAE0760FF4BBA99D7F /* Pods */,
				3CD01339ED3888CBF633A1B3 /* Frameworks */,
			);
			sourceTree = "<group>";
		};
		EE5995CC2504D4790047CC16 /* Products */ = {
			isa = PBXGroup;
			children = (
				EE5995CB2504D4790047CC16 /* MYImageDiffDemo.app */,
			);
			name = Products;
			sourceTree = "<group>";
		};
		EE5995CD2504D4790047CC16 /* MYImageDiffDemo */ = {
			isa = PBXGroup;
			children = (
				EE5995CE2504D4790047CC16 /* AppDelegate.h */,
				EE5995CF2504D4790047CC16 /* AppDelegate.m */,
				EE5995D42504D4790047CC16 /* ViewController.h */,
				EE5995D52504D4790047CC16 /* ViewController.m */,
				EEBC23B4258F38750031B78A /* MYPixelBinarizationFilter.h */,
				EEBC23B5258F38750031B78A /* MYPixelBinarizationFilter.m */,
				EEBC23B7258F38890031B78A /* MYPixelBinarization.cikernel */,
				EE5995E92504DCDD0047CC16 /* MYImageCompareViewController.h */,
				EE5995EA2504DCDD0047CC16 /* MYImageCompareViewController.m */,
				EE5995F62504F5150047CC16 /* MYImageComparator.h */,
				EE5995F72504F5150047CC16 /* MYImageComparator.m */,
				EE5995D72504D4790047CC16 /* Main.storyboard */,
				EE5995DA2504D47B0047CC16 /* Assets.xcassets */,
				EE5995EC2504E9D80047CC16 /* Resources */,
				EE5995DC2504D47B0047CC16 /* LaunchScreen.storyboard */,
				EE5995DF2504D47B0047CC16 /* Info.plist */,
				EE5995E02504D47B0047CC16 /* main.m */,
				EEBC23A825862D740031B78A /* MYImageQuantitativeComparator.h */,
				EEBC23A925862D740031B78A /* MYImageQuantitativeComparator.m */,
				EEBC23AB258630730031B78A /* MYImageBitmapComparator.h */,
				EEBC23AC258630730031B78A /* MYImageBitmapComparator.m */,
				EEBC23B1258F2E930031B78A /* MYImageTool.h */,
				EEBC23B2258F2E930031B78A /* MYImageTool.m */,
				EEBC23BE258F62CE0031B78A /* UIImage+MYImage.h */,
				EEBC23BF258F62CE0031B78A /* UIImage+MYImage.m */,
			);
			path = MYImageDiffDemo;
			sourceTree = "<group>";
		};
		EE5995EC2504E9D80047CC16 /* Resources */ = {
			isa = PBXGroup;
			children = (
				EEBC23B9258F51980031B78A /* github-octocat-edit-half.png */,
				EE5995EE2504EA040047CC16 /* github-octocat-edit.png */,
				EE5995ED2504EA040047CC16 /* github-octocat.png */,
			);
			path = Resources;
			sourceTree = "<group>";
		};
		F01841AAE0760FF4BBA99D7F /* Pods */ = {
			isa = PBXGroup;
			children = (
				DAA916C40F3AF66970078FBF /* Pods-MYImageDiffDemo.debug.xcconfig */,
				D6142F642C3B7AA7C9A767AE /* Pods-MYImageDiffDemo.release.xcconfig */,
			);
			path = Pods;
			sourceTree = "<group>";
		};
/* End PBXGroup section */

/* Begin PBXNativeTarget section */
		EE5995CA2504D4790047CC16 /* MYImageDiffDemo */ = {
			isa = PBXNativeTarget;
			buildConfigurationList = EE5995E42504D47B0047CC16 /* Build configuration list for PBXNativeTarget "MYImageDiffDemo" */;
			buildPhases = (
				A1C9A37CF175BAD70782AF77 /* [CP] Check Pods Manifest.lock */,
				EE5995C72504D4790047CC16 /* Sources */,
				EE5995C82504D4790047CC16 /* Frameworks */,
				EE5995C92504D4790047CC16 /* Resources */,
				BE8AAA2EA780699B207AA71C /* [CP] Embed Pods Frameworks */,
			);
			buildRules = (
			);
			dependencies = (
			);
			name = MYImageDiffDemo;
			productName = MYImageDiffDemo;
			productReference = EE5995CB2504D4790047CC16 /* MYImageDiffDemo.app */;
			productType = "com.apple.product-type.application";
		};
/* End PBXNativeTarget section */

/* Begin PBXProject section */
		EE5995C32504D4790047CC16 /* Project object */ = {
			isa = PBXProject;
			attributes = {
				CLASSPREFIX = MY;
				LastUpgradeCheck = 1150;
				ORGANIZATIONNAME = "MINGYANG PAN";
				TargetAttributes = {
					EE5995CA2504D4790047CC16 = {
						CreatedOnToolsVersion = 11.5;
					};
				};
			};
			buildConfigurationList = EE5995C62504D4790047CC16 /* Build configuration list for PBXProject "MYImageDiffDemo" */;
			compatibilityVersion = "Xcode 9.3";
			developmentRegion = en;
			hasScannedForEncodings = 0;
			knownRegions = (
				en,
				Base,
			);
			mainGroup = EE5995C22504D4790047CC16;
			productRefGroup = EE5995CC2504D4790047CC16 /* Products */;
			projectDirPath = "";
			projectRoot = "";
			targets = (
				EE5995CA2504D4790047CC16 /* MYImageDiffDemo */,
			);
		};
/* End PBXProject section */

/* Begin PBXResourcesBuildPhase section */
		EE5995C92504D4790047CC16 /* Resources */ = {
			isa = PBXResourcesBuildPhase;
			buildActionMask = 2147483647;
			files = (
				EE5995F02504EA040047CC16 /* github-octocat-edit.png in Resources */,
				EEBC23B8258F38890031B78A /* MYPixelBinarization.cikernel in Resources */,
				EE5995DE2504D47B0047CC16 /* LaunchScreen.storyboard in Resources */,
				EE5995DB2504D47B0047CC16 /* Assets.xcassets in Resources */,
				EE5995EF2504EA040047CC16 /* github-octocat.png in Resources */,
				EE5995D92504D4790047CC16 /* Main.storyboard in Resources */,
				EEBC23BA258F51980031B78A /* github-octocat-edit-half.png in Resources */,
			);
			runOnlyForDeploymentPostprocessing = 0;
		};
/* End PBXResourcesBuildPhase section */

/* Begin PBXShellScriptBuildPhase section */
		A1C9A37CF175BAD70782AF77 /* [CP] Check Pods Manifest.lock */ = {
			isa = PBXShellScriptBuildPhase;
			buildActionMask = 2147483647;
			files = (
			);
			inputFileListPaths = (
			);
			inputPaths = (
				"${PODS_PODFILE_DIR_PATH}/Podfile.lock",
				"${PODS_ROOT}/Manifest.lock",
			);
			name = "[CP] Check Pods Manifest.lock";
			outputFileListPaths = (
			);
			outputPaths = (
				"$(DERIVED_FILE_DIR)/Pods-MYImageDiffDemo-checkManifestLockResult.txt",
			);
			runOnlyForDeploymentPostprocessing = 0;
			shellPath = /bin/sh;
			shellScript = "diff \"${PODS_PODFILE_DIR_PATH}/Podfile.lock\" \"${PODS_ROOT}/Manifest.lock\" > /dev/null\nif [ $? != 0 ] ; then\n    # print error to STDERR\n    echo \"error: The sandbox is not in sync with the Podfile.lock. Run 'pod install' or update your CocoaPods installation.\" >&2\n    exit 1\nfi\n# This output is used by Xcode 'outputs' to avoid re-running this script phase.\necho \"SUCCESS\" > \"${SCRIPT_OUTPUT_FILE_0}\"\n";
			showEnvVarsInLog = 0;
		};
		BE8AAA2EA780699B207AA71C /* [CP] Embed Pods Frameworks */ = {
			isa = PBXShellScriptBuildPhase;
			buildActionMask = 2147483647;
			files = (
			);
			inputFileListPaths = (
				"${PODS_ROOT}/Target Support Files/Pods-MYImageDiffDemo/Pods-MYImageDiffDemo-frameworks-${CONFIGURATION}-input-files.xcfilelist",
			);
			name = "[CP] Embed Pods Frameworks";
			outputFileListPaths = (
				"${PODS_ROOT}/Target Support Files/Pods-MYImageDiffDemo/Pods-MYImageDiffDemo-frameworks-${CONFIGURATION}-output-files.xcfilelist",
			);
			runOnlyForDeploymentPostprocessing = 0;
			shellPath = /bin/sh;
			shellScript = "\"${PODS_ROOT}/Target Support Files/Pods-MYImageDiffDemo/Pods-MYImageDiffDemo-frameworks.sh\"\n";
			showEnvVarsInLog = 0;
		};
/* End PBXShellScriptBuildPhase section */

/* Begin PBXSourcesBuildPhase section */
		EE5995C72504D4790047CC16 /* Sources */ = {
			isa = PBXSourcesBuildPhase;
			buildActionMask = 2147483647;
			files = (
				EE5995EB2504DCDD0047CC16 /* MYImageCompareViewController.m in Sources */,
				EE5995D62504D4790047CC16 /* ViewController.m in Sources */,
				EEBC23AA25862D740031B78A /* MYImageQuantitativeComparator.m in Sources */,
				EE5995F82504F5150047CC16 /* MYImageComparator.m in Sources */,
				EE5995D02504D4790047CC16 /* AppDelegate.m in Sources */,
				EE5995E12504D47B0047CC16 /* main.m in Sources */,
				EEBC23AD258630730031B78A /* MYImageBitmapComparator.m in Sources */,
				EEBC23C0258F62CE0031B78A /* UIImage+MYImage.m in Sources */,
				EEBC23B6258F38750031B78A /* MYPixelBinarizationFilter.m in Sources */,
				EEBC23B3258F2E930031B78A /* MYImageTool.m in Sources */,
			);
			runOnlyForDeploymentPostprocessing = 0;
		};
/* End PBXSourcesBuildPhase section */

/* Begin PBXVariantGroup section */
		EE5995D72504D4790047CC16 /* Main.storyboard */ = {
			isa = PBXVariantGroup;
			children = (
				EE5995D82504D4790047CC16 /* Base */,
			);
			name = Main.storyboard;
			sourceTree = "<group>";
		};
		EE5995DC2504D47B0047CC16 /* LaunchScreen.storyboard */ = {
			isa = PBXVariantGroup;
			children = (
				EE5995DD2504D47B0047CC16 /* Base */,
			);
			name = LaunchScreen.storyboard;
			sourceTree = "<group>";
		};
/* End PBXVariantGroup section */

/* Begin XCBuildConfiguration section */
		EE5995E22504D47B0047CC16 /* Debug */ = {
			isa = XCBuildConfiguration;
			buildSettings = {
				ALWAYS_SEARCH_USER_PATHS = NO;
				CLANG_ANALYZER_NONNULL = YES;
				CLANG_ANALYZER_NUMBER_OBJECT_CONVERSION = YES_AGGRESSIVE;
				CLANG_CXX_LANGUAGE_STANDARD = "gnu++14";
				CLANG_CXX_LIBRARY = "libc++";
				CLANG_ENABLE_MODULES = YES;
				CLANG_ENABLE_OBJC_ARC = YES;
				CLANG_ENABLE_OBJC_WEAK = YES;
				CLANG_WARN_BLOCK_CAPTURE_AUTORELEASING = YES;
				CLANG_WARN_BOOL_CONVERSION = YES;
				CLANG_WARN_COMMA = YES;
				CLANG_WARN_CONSTANT_CONVERSION = YES;
				CLANG_WARN_DEPRECATED_OBJC_IMPLEMENTATIONS = YES;
				CLANG_WARN_DIRECT_OBJC_ISA_USAGE = YES_ERROR;
				CLANG_WARN_DOCUMENTATION_COMMENTS = YES;
				CLANG_WARN_EMPTY_BODY = YES;
				CLANG_WARN_ENUM_CONVERSION = YES;
				CLANG_WARN_INFINITE_RECURSION = YES;
				CLANG_WARN_INT_CONVERSION = YES;
				CLANG_WARN_NON_LITERAL_NULL_CONVERSION = YES;
				CLANG_WARN_OBJC_IMPLICIT_RETAIN_SELF = YES;
				CLANG_WARN_OBJC_LITERAL_CONVERSION = YES;
				CLANG_WARN_OBJC_ROOT_CLASS = YES_ERROR;
				CLANG_WARN_RANGE_LOOP_ANALYSIS = YES;
				CLANG_WARN_STRICT_PROTOTYPES = YES;
				CLANG_WARN_SUSPICIOUS_MOVE = YES;
				CLANG_WARN_UNGUARDED_AVAILABILITY = YES_AGGRESSIVE;
				CLANG_WARN_UNREACHABLE_CODE = YES;
				CLANG_WARN__DUPLICATE_METHOD_MATCH = YES;
				COPY_PHASE_STRIP = NO;
				DEBUG_INFORMATION_FORMAT = dwarf;
				ENABLE_STRICT_OBJC_MSGSEND = YES;
				ENABLE_TESTABILITY = YES;
				GCC_C_LANGUAGE_STANDARD = gnu11;
				GCC_DYNAMIC_NO_PIC = NO;
				GCC_NO_COMMON_BLOCKS = YES;
				GCC_OPTIMIZATION_LEVEL = 0;
				GCC_PREPROCESSOR_DEFINITIONS = (
					"DEBUG=1",
					"$(inherited)",
				);
				GCC_WARN_64_TO_32_BIT_CONVERSION = YES;
				GCC_WARN_ABOUT_RETURN_TYPE = YES_ERROR;
				GCC_WARN_UNDECLARED_SELECTOR = YES;
				GCC_WARN_UNINITIALIZED_AUTOS = YES_AGGRESSIVE;
				GCC_WARN_UNUSED_FUNCTION = YES;
				GCC_WARN_UNUSED_VARIABLE = YES;
				IPHONEOS_DEPLOYMENT_TARGET = 13.5;
				MTL_ENABLE_DEBUG_INFO = INCLUDE_SOURCE;
				MTL_FAST_MATH = YES;
				ONLY_ACTIVE_ARCH = YES;
				SDKROOT = iphoneos;
			};
			name = Debug;
		};
		EE5995E32504D47B0047CC16 /* Release */ = {
			isa = XCBuildConfiguration;
			buildSettings = {
				ALWAYS_SEARCH_USER_PATHS = NO;
				CLANG_ANALYZER_NONNULL = YES;
				CLANG_ANALYZER_NUMBER_OBJECT_CONVERSION = YES_AGGRESSIVE;
				CLANG_CXX_LANGUAGE_STANDARD = "gnu++14";
				CLANG_CXX_LIBRARY = "libc++";
				CLANG_ENABLE_MODULES = YES;
				CLANG_ENABLE_OBJC_ARC = YES;
				CLANG_ENABLE_OBJC_WEAK = YES;
				CLANG_WARN_BLOCK_CAPTURE_AUTORELEASING = YES;
				CLANG_WARN_BOOL_CONVERSION = YES;
				CLANG_WARN_COMMA = YES;
				CLANG_WARN_CONSTANT_CONVERSION = YES;
				CLANG_WARN_DEPRECATED_OBJC_IMPLEMENTATIONS = YES;
				CLANG_WARN_DIRECT_OBJC_ISA_USAGE = YES_ERROR;
				CLANG_WARN_DOCUMENTATION_COMMENTS = YES;
				CLANG_WARN_EMPTY_BODY = YES;
				CLANG_WARN_ENUM_CONVERSION = YES;
				CLANG_WARN_INFINITE_RECURSION = YES;
				CLANG_WARN_INT_CONVERSION = YES;
				CLANG_WARN_NON_LITERAL_NULL_CONVERSION = YES;
				CLANG_WARN_OBJC_IMPLICIT_RETAIN_SELF = YES;
				CLANG_WARN_OBJC_LITERAL_CONVERSION = YES;
				CLANG_WARN_OBJC_ROOT_CLASS = YES_ERROR;
				CLANG_WARN_RANGE_LOOP_ANALYSIS = YES;
				CLANG_WARN_STRICT_PROTOTYPES = YES;
				CLANG_WARN_SUSPICIOUS_MOVE = YES;
				CLANG_WARN_UNGUARDED_AVAILABILITY = YES_AGGRESSIVE;
				CLANG_WARN_UNREACHABLE_CODE = YES;
				CLANG_WARN__DUPLICATE_METHOD_MATCH = YES;
				COPY_PHASE_STRIP = NO;
				DEBUG_INFORMATION_FORMAT = "dwarf-with-dsym";
				ENABLE_NS_ASSERTIONS = NO;
				ENABLE_STRICT_OBJC_MSGSEND = YES;
				GCC_C_LANGUAGE_STANDARD = gnu11;
				GCC_NO_COMMON_BLOCKS = YES;
				GCC_WARN_64_TO_32_BIT_CONVERSION = YES;
				GCC_WARN_ABOUT_RETURN_TYPE = YES_ERROR;
				GCC_WARN_UNDECLARED_SELECTOR = YES;
				GCC_WARN_UNINITIALIZED_AUTOS = YES_AGGRESSIVE;
				GCC_WARN_UNUSED_FUNCTION = YES;
				GCC_WARN_UNUSED_VARIABLE = YES;
				IPHONEOS_DEPLOYMENT_TARGET = 13.5;
				MTL_ENABLE_DEBUG_INFO = NO;
				MTL_FAST_MATH = YES;
				SDKROOT = iphoneos;
				VALIDATE_PRODUCT = YES;
			};
			name = Release;
		};
		EE5995E52504D47B0047CC16 /* Debug */ = {
			isa = XCBuildConfiguration;
			baseConfigurationReference = DAA916C40F3AF66970078FBF /* Pods-MYImageDiffDemo.debug.xcconfig */;
			buildSettings = {
				ASSETCATALOG_COMPILER_APPICON_NAME = AppIcon;
				CODE_SIGN_STYLE = Automatic;
				DEVELOPMENT_TEAM = T6Z74EV946;
				INFOPLIST_FILE = MYImageDiffDemo/Info.plist;
				LD_RUNPATH_SEARCH_PATHS = (
					"$(inherited)",
					"@executable_path/Frameworks",
				);
				PRODUCT_BUNDLE_IDENTIFIER = cn.punmy.MYImageDiffDemo;
				PRODUCT_NAME = "$(TARGET_NAME)";
				TARGETED_DEVICE_FAMILY = "1,2";
			};
			name = Debug;
		};
		EE5995E62504D47B0047CC16 /* Release */ = {
			isa = XCBuildConfiguration;
			baseConfigurationReference = D6142F642C3B7AA7C9A767AE /* Pods-MYImageDiffDemo.release.xcconfig */;
			buildSettings = {
				ASSETCATALOG_COMPILER_APPICON_NAME = AppIcon;
				CODE_SIGN_STYLE = Automatic;
				DEVELOPMENT_TEAM = T6Z74EV946;
				INFOPLIST_FILE = MYImageDiffDemo/Info.plist;
				LD_RUNPATH_SEARCH_PATHS = (
					"$(inherited)",
					"@executable_path/Frameworks",
				);
				PRODUCT_BUNDLE_IDENTIFIER = cn.punmy.MYImageDiffDemo;
				PRODUCT_NAME = "$(TARGET_NAME)";
				TARGETED_DEVICE_FAMILY = "1,2";
			};
			name = Release;
		};
/* End XCBuildConfiguration section */

/* Begin XCConfigurationList section */
		EE5995C62504D4790047CC16 /* Build configuration list for PBXProject "MYImageDiffDemo" */ = {
			isa = XCConfigurationList;
			buildConfigurations = (
				EE5995E22504D47B0047CC16 /* Debug */,
				EE5995E32504D47B0047CC16 /* Release */,
			);
			defaultConfigurationIsVisible = 0;
			defaultConfigurationName = Release;
		};
		EE5995E42504D47B0047CC16 /* Build configuration list for PBXNativeTarget "MYImageDiffDemo" */ = {
			isa = XCConfigurationList;
			buildConfigurations = (
				EE5995E52504D47B0047CC16 /* Debug */,
				EE5995E62504D47B0047CC16 /* Release */,
			);
			defaultConfigurationIsVisible = 0;
			defaultConfigurationName = Release;
		};
/* End XCConfigurationList section */
	};
	rootObject = EE5995C32504D4790047CC16 /* Project object */;
}
